github.com/HugoBlox/hugo-blox-builder/modules/blox-core v0.3.1/go.mod h1:So8+V2U+TNxlXmcpZfdDX0muLh3PdJ7z92h30sv3bZg=
github.com/HugoBlox/hugo-blox-builder/modules/blox-seo v0.2.2 h1:ccb5jQLKqiFFht24e6+yW9eie1yIm81/K1xhs7ZHZlM=
github.com/HugoBlox/hugo-blox-builder/modules/blox-seo v0.2.2/go.mod h1:NsESu6cEms1DgH84icCyylElg2Zu8A0f7Fma5JR0LZE=
github.com/HugoBlox/hugo-blox-builder/modules/blox-tailwind v0.2.1-0.20240813182432-8778c4b5ed89 h1:ELlYlPG7OXA4q9DOM+EXar/UIXOb1l9e0S3cW61KPQU=
github.com/HugoBlox/hugo-blox-builder/modules/blox-tailwind v0.2.1-0.20240813182432-8778c4b5ed89/go.mod h1:+qBbqXbKT7M2nOeHQa5OrRXwQKpEx1RXpMGirHbT7HU=
